// !$*UTF8*$!
{
	archiveVersion = 1;
	classes = {
	};
	objectVersion = 55;
	objects = {

/* Begin PBXBuildFile section */
		35C3362927AC61A10099F2E6 /* swapi_swiftuiApp.swift in Sources */ = {isa = PBXBuildFile; fileRef = 35C3362827AC61A10099F2E6 /* swapi_swiftuiApp.swift */; };
		35C3362B27AC61A10099F2E6 /* ContentView.swift in Sources */ = {isa = PBXBuildFile; fileRef = 35C3362A27AC61A10099F2E6 /* ContentView.swift */; };
		35C3362D27AC61A20099F2E6 /* Assets.xcassets in Resources */ = {isa = PBXBuildFile; fileRef = 35C3362C27AC61A20099F2E6 /* Assets.xcassets */; };
		35C3363027AC61A20099F2E6 /* Preview Assets.xcassets in Resources */ = {isa = PBXBuildFile; fileRef = 35C3362F27AC61A20099F2E6 /* Preview Assets.xcassets */; };
		35C3363A27AC61A20099F2E6 /* swapi_swiftuiTests.swift in Sources */ = {isa = PBXBuildFile; fileRef = 35C3363927AC61A20099F2E6 /* swapi_swiftuiTests.swift */; };
		35C3364427AC61A20099F2E6 /* swapi_swiftuiUITests.swift in Sources */ = {isa = PBXBuildFile; fileRef = 35C3364327AC61A20099F2E6 /* swapi_swiftuiUITests.swift */; };
		35C3364627AC61A20099F2E6 /* swapi_swiftuiUITestsLaunchTests.swift in Sources */ = {isa = PBXBuildFile; fileRef = 35C3364527AC61A20099F2E6 /* swapi_swiftuiUITestsLaunchTests.swift */; };
/* End PBXBuildFile section */

/* Begin PBXContainerItemProxy section */
		35C3363627AC61A20099F2E6 /* PBXContainerItemProxy */ = {
			isa = PBXContainerItemProxy;
			containerPortal = 35C3361D27AC61A10099F2E6 /* Project object */;
			proxyType = 1;
			remoteGlobalIDString = 35C3362427AC61A10099F2E6;
			remoteInfo = "swapi-swiftui";
		};
		35C3364027AC61A20099F2E6 /* PBXContainerItemProxy */ = {
			isa = PBXContainerItemProxy;
			containerPortal = 35C3361D27AC61A10099F2E6 /* Project object */;
			proxyType = 1;
			remoteGlobalIDString = 35C3362427AC61A10099F2E6;
			remoteInfo = "swapi-swiftui";
		};
/* End PBXContainerItemProxy section */

/* Begin PBXFileReference section */
		35C3362527AC61A10099F2E6 /* swapi-swiftui.app */ = {isa = PBXFileReference; explicitFileType = wrapper.application; includeInIndex = 0; path = "swapi-swiftui.app"; sourceTree = BUILT_PRODUCTS_DIR; };
		35C3362827AC61A10099F2E6 /* swapi_swiftuiApp.swift */ = {isa = PBXFileReference; lastKnownFileType = sourcecode.swift; path = swapi_swiftuiApp.swift; sourceTree = "<group>"; };
		35C3362A27AC61A10099F2E6 /* ContentView.swift */ = {isa = PBXFileReference; lastKnownFileType = sourcecode.swift; path = ContentView.swift; sourceTree = "<group>"; };
		35C3362C27AC61A20099F2E6 /* Assets.xcassets */ = {isa = PBXFileReference; lastKnownFileType = folder.assetcatalog; path = Assets.xcassets; sourceTree = "<group>"; };
		35C3362F27AC61A20099F2E6 /* Preview Assets.xcassets */ = {isa = PBXFileReference; lastKnownFileType = folder.assetcatalog; path = "Preview Assets.xcassets"; sourceTree = "<group>"; };
		35C3363527AC61A20099F2E6 /* swapi-swiftuiTests.xctest */ = {isa = PBXFileReference; explicitFileType = wrapper.cfbundle; includeInIndex = 0; path = "swapi-swiftuiTests.xctest"; sourceTree = BUILT_PRODUCTS_DIR; };
		35C3363927AC61A20099F2E6 /* swapi_swiftuiTests.swift */ = {isa = PBXFileReference; lastKnownFileType = sourcecode.swift; path = swapi_swiftuiTests.swift; sourceTree = "<group>"; };
		35C3363F27AC61A20099F2E6 /* swapi-swiftuiUITests.xctest */ = {isa = PBXFileReference; explicitFileType = wrapper.cfbundle; includeInIndex = 0; path = "swapi-swiftuiUITests.xctest"; sourceTree = BUILT_PRODUCTS_DIR; };
		35C3364327AC61A20099F2E6 /* swapi_swiftuiUITests.swift */ = {isa = PBXFileReference; lastKnownFileType = sourcecode.swift; path = swapi_swiftuiUITests.swift; sourceTree = "<group>"; };
		35C3364527AC61A20099F2E6 /* swapi_swiftuiUITestsLaunchTests.swift */ = {isa = PBXFileReference; lastKnownFileType = sourcecode.swift; path = swapi_swiftuiUITestsLaunchTests.swift; sourceTree = "<group>"; };
/* End PBXFileReference section */

/* Begin PBXFrameworksBuildPhase section */
		35C3362227AC61A10099F2E6 /* Frameworks */ = {
			isa = PBXFrameworksBuildPhase;
			buildActionMask = 2147483647;
			files = (
			);
			runOnlyForDeploymentPostprocessing = 0;
		};
		35C3363227AC61A20099F2E6 /* Frameworks */ = {
			isa = PBXFrameworksBuildPhase;
			buildActionMask = 2147483647;
			files = (
			);
			runOnlyForDeploymentPostprocessing = 0;
		};
		35C3363C27AC61A20099F2E6 /* Frameworks */ = {
			isa = PBXFrameworksBuildPhase;
			buildActionMask = 2147483647;
			files = (
			);
			runOnlyForDeploymentPostprocessing = 0;
		};
/* End PBXFrameworksBuildPhase section */

/* Begin PBXGroup section */
		35C3361C27AC61A10099F2E6 = {
			isa = PBXGroup;
			children = (
				35C3362727AC61A10099F2E6 /* swapi-swiftui */,
				35C3363827AC61A20099F2E6 /* swapi-swiftuiTests */,
				35C3364227AC61A20099F2E6 /* swapi-swiftuiUITests */,
				35C3362627AC61A10099F2E6 /* Products */,
			);
			sourceTree = "<group>";
		};
		35C3362627AC61A10099F2E6 /* Products */ = {
			isa = PBXGroup;
			children = (
				35C3362527AC61A10099F2E6 /* swapi-swiftui.app */,
				35C3363527AC61A20099F2E6 /* swapi-swiftuiTests.xctest */,
				35C3363F27AC61A20099F2E6 /* swapi-swiftuiUITests.xctest */,
			);
			name = Products;
			sourceTree = "<group>";
		};
		35C3362727AC61A10099F2E6 /* swapi-swiftui */ = {
			isa = PBXGroup;
			children = (
				35C3362827AC61A10099F2E6 /* swapi_swiftuiApp.swift */,
				35C3362A27AC61A10099F2E6 /* ContentView.swift */,
				35C3362C27AC61A20099F2E6 /* Assets.xcassets */,
				35C3362E27AC61A20099F2E6 /* Preview Content */,
			);
			path = "swapi-swiftui";
			sourceTree = "<group>";
		};
		35C3362E27AC61A20099F2E6 /* Preview Content */ = {
			isa = PBXGroup;
			children = (
				35C3362F27AC61A20099F2E6 /* Preview Assets.xcassets */,
			);
			path = "Preview Content";
			sourceTree = "<group>";
		};
		35C3363827AC61A20099F2E6 /* swapi-swiftuiTests */ = {
			isa = PBXGroup;
			children = (
				35C3363927AC61A20099F2E6 /* swapi_swiftuiTests.swift */,
			);
			path = "swapi-swiftuiTests";
			sourceTree = "<group>";
		};
		35C3364227AC61A20099F2E6 /* swapi-swiftuiUITests */ = {
			isa = PBXGroup;
			children = (
				35C3364327AC61A20099F2E6 /* swapi_swiftuiUITests.swift */,
				35C3364527AC61A20099F2E6 /* swapi_swiftuiUITestsLaunchTests.swift */,
			);
			path = "swapi-swiftuiUITests";
			sourceTree = "<group>";
		};
/* End PBXGroup section */

/* Begin PBXNativeTarget section */
		35C3362427AC61A10099F2E6 /* swapi-swiftui */ = {
			isa = PBXNativeTarget;
			buildConfigurationList = 35C3364927AC61A20099F2E6 /* Build configuration list for PBXNativeTarget "swapi-swiftui" */;
			buildPhases = (
				35C3362127AC61A10099F2E6 /* Sources */,
				35C3362227AC61A10099F2E6 /* Frameworks */,
				35C3362327AC61A10099F2E6 /* Resources */,
			);
			buildRules = (
			);
			dependencies = (
			);
			name = "swapi-swiftui";
			productName = "swapi-swiftui";
			productReference = 35C3362527AC61A10099F2E6 /* swapi-swiftui.app */;
			productType = "com.apple.product-type.application";
		};
		35C3363427AC61A20099F2E6 /* swapi-swiftuiTests */ = {
			isa = PBXNativeTarget;
			buildConfigurationList = 35C3364C27AC61A20099F2E6 /* Build configuration list for PBXNativeTarget "swapi-swiftuiTests" */;
			buildPhases = (
				35C3363127AC61A20099F2E6 /* Sources */,
				35C3363227AC61A20099F2E6 /* Frameworks */,
				35C3363327AC61A20099F2E6 /* Resources */,
			);
			buildRules = (
			);
			dependencies = (
				35C3363727AC61A20099F2E6 /* PBXTargetDependency */,
			);
			name = "swapi-swiftuiTests";
			productName = "swapi-swiftuiTests";
			productReference = 35C3363527AC61A20099F2E6 /* swapi-swiftuiTests.xctest */;
			productType = "com.apple.product-type.bundle.unit-test";
		};
		35C3363E27AC61A20099F2E6 /* swapi-swiftuiUITests */ = {
			isa = PBXNativeTarget;
			buildConfigurationList = 35C3364F27AC61A20099F2E6 /* Build configuration list for PBXNativeTarget "swapi-swiftuiUITests" */;
			buildPhases = (
				35C3363B27AC61A20099F2E6 /* Sources */,
				35C3363C27AC61A20099F2E6 /* Frameworks */,
				35C3363D27AC61A20099F2E6 /* Resources */,
			);
			buildRules = (
			);
			dependencies = (
				35C3364127AC61A20099F2E6 /* PBXTargetDependency */,
			);
			name = "swapi-swiftuiUITests";
			productName = "swapi-swiftuiUITests";
			productReference = 35C3363F27AC61A20099F2E6 /* swapi-swiftuiUITests.xctest */;
			productType = "com.apple.product-type.bundle.ui-testing";
		};
/* End PBXNativeTarget section */

/* Begin PBXProject section */
		35C3361D27AC61A10099F2E6 /* Project object */ = {
			isa = PBXProject;
			attributes = {
				BuildIndependentTargetsInParallel = 1;
				LastSwiftUpdateCheck = 1320;
				LastUpgradeCheck = 1320;
				TargetAttributes = {
					35C3362427AC61A10099F2E6 = {
						CreatedOnToolsVersion = 13.2.1;
					};
					35C3363427AC61A20099F2E6 = {
						CreatedOnToolsVersion = 13.2.1;
						TestTargetID = 35C3362427AC61A10099F2E6;
					};
					35C3363E27AC61A20099F2E6 = {
						CreatedOnToolsVersion = 13.2.1;
						TestTargetID = 35C3362427AC61A10099F2E6;
					};
				};
			};
			buildConfigurationList = 35C3362027AC61A10099F2E6 /* Build configuration list for PBXProject "swapi-swiftui" */;
			compatibilityVersion = "Xcode 13.0";
			developmentRegion = en;
			hasScannedForEncodings = 0;
			knownRegions = (
				en,
				Base,
			);
			mainGroup = 35C3361C27AC61A10099F2E6;
			productRefGroup = 35C3362627AC61A10099F2E6 /* Products */;
			projectDirPath = "";
			projectRoot = "";
			targets = (
				35C3362427AC61A10099F2E6 /* swapi-swiftui */,
				35C3363427AC61A20099F2E6 /* swapi-swiftuiTests */,
				35C3363E27AC61A20099F2E6 /* swapi-swiftuiUITests */,
			);
		};
/* End PBXProject section */

/* Begin PBXResourcesBuildPhase section */
		35C3362327AC61A10099F2E6 /* Resources */ = {
			isa = PBXResourcesBuildPhase;
			buildActionMask = 2147483647;
			files = (
				35C3363027AC61A20099F2E6 /* Preview Assets.xcassets in Resources */,
				35C3362D27AC61A20099F2E6 /* Assets.xcassets in Resources */,
			);
			runOnlyForDeploymentPostprocessing = 0;
		};
		35C3363327AC61A20099F2E6 /* Resources */ = {
			isa = PBXResourcesBuildPhase;
			buildActionMask = 2147483647;
			files = (
			);
			runOnlyForDeploymentPostprocessing = 0;
		};
		35C3363D27AC61A20099F2E6 /* Resources */ = {
			isa = PBXResourcesBuildPhase;
			buildActionMask = 2147483647;
			files = (
			);
			runOnlyForDeploymentPostprocessing = 0;
		};
/* End PBXResourcesBuildPhase section */

/* Begin PBXSourcesBuildPhase section */
		35C3362127AC61A10099F2E6 /* Sources */ = {
			isa = PBXSourcesBuildPhase;
			buildActionMask = 2147483647;
			files = (
				35C3362B27AC61A10099F2E6 /* ContentView.swift in Sources */,
				35C3362927AC61A10099F2E6 /* swapi_swiftuiApp.swift in Sources */,
			);
			runOnlyForDeploymentPostprocessing = 0;
		};
		35C3363127AC61A20099F2E6 /* Sources */ = {
			isa = PBXSourcesBuildPhase;
			buildActionMask = 2147483647;
			files = (
				35C3363A27AC61A20099F2E6 /* swapi_swiftuiTests.swift in Sources */,
			);
			runOnlyForDeploymentPostprocessing = 0;
		};
		35C3363B27AC61A20099F2E6 /* Sources */ = {
			isa = PBXSourcesBuildPhase;
			buildActionMask = 2147483647;
			files = (
				35C3364427AC61A20099F2E6 /* swapi_swiftuiUITests.swift in Sources */,
				35C3364627AC61A20099F2E6 /* swapi_swiftuiUITestsLaunchTests.swift in Sources */,
			);
			runOnlyForDeploymentPostprocessing = 0;
		};
/* End PBXSourcesBuildPhase section */

/* Begin PBXTargetDependency section */
		35C3363727AC61A20099F2E6 /* PBXTargetDependency */ = {
			isa = PBXTargetDependency;
			target = 35C3362427AC61A10099F2E6 /* swapi-swiftui */;
			targetProxy = 35C3363627AC61A20099F2E6 /* PBXContainerItemProxy */;
		};
		35C3364127AC61A20099F2E6 /* PBXTargetDependency */ = {
			isa = PBXTargetDependency;
			target = 35C3362427AC61A10099F2E6 /* swapi-swiftui */;
			targetProxy = 35C3364027AC61A20099F2E6 /* PBXContainerItemProxy */;
		};
/* End PBXTargetDependency section */

/* Begin XCBuildConfiguration section */
		35C3364727AC61A20099F2E6 /* Debug */ = {
			isa = XCBuildConfiguration;
			buildSettings = {
				ALWAYS_SEARCH_USER_PATHS = NO;
				CLANG_ANALYZER_NONNULL = YES;
				CLANG_ANALYZER_NUMBER_OBJECT_CONVERSION = YES_AGGRESSIVE;
				CLANG_CXX_LANGUAGE_STANDARD = "gnu++17";
				CLANG_CXX_LIBRARY = "libc++";
				CLANG_ENABLE_MODULES = YES;
				CLANG_ENABLE_OBJC_ARC = YES;
				CLANG_ENABLE_OBJC_WEAK = YES;
				CLANG_WARN_BLOCK_CAPTURE_AUTORELEASING = YES;
				CLANG_WARN_BOOL_CONVERSION = YES;
				CLANG_WARN_COMMA = YES;
				CLANG_WARN_CONSTANT_CONVERSION = YES;
				CLANG_WARN_DEPRECATED_OBJC_IMPLEMENTATIONS = YES;
				CLANG_WARN_DIRECT_OBJC_ISA_USAGE = YES_ERROR;
				CLANG_WARN_DOCUMENTATION_COMMENTS = YES;
				CLANG_WARN_EMPTY_BODY = YES;
				CLANG_WARN_ENUM_CONVERSION = YES;
				CLANG_WARN_INFINITE_RECURSION = YES;
				CLANG_WARN_INT_CONVERSION = YES;
				CLANG_WARN_NON_LITERAL_NULL_CONVERSION = YES;
				CLANG_WARN_OBJC_IMPLICIT_RETAIN_SELF = YES;
				CLANG_WARN_OBJC_LITERAL_CONVERSION = YES;
				CLANG_WARN_OBJC_ROOT_CLASS = YES_ERROR;
				CLANG_WARN_QUOTED_INCLUDE_IN_FRAMEWORK_HEADER = YES;
				CLANG_WARN_RANGE_LOOP_ANALYSIS = YES;
				CLANG_WARN_STRICT_PROTOTYPES = YES;
				CLANG_WARN_SUSPICIOUS_MOVE = YES;
				CLANG_WARN_UNGUARDED_AVAILABILITY = YES_AGGRESSIVE;
				CLANG_WARN_UNREACHABLE_CODE = YES;
				CLANG_WARN__DUPLICATE_METHOD_MATCH = YES;
				COPY_PHASE_STRIP = NO;
				DEBUG_INFORMATION_FORMAT = dwarf;
				ENABLE_STRICT_OBJC_MSGSEND = YES;
				ENABLE_TESTABILITY = YES;
				GCC_C_LANGUAGE_STANDARD = gnu11;
				GCC_DYNAMIC_NO_PIC = NO;
				GCC_NO_COMMON_BLOCKS = YES;
				GCC_OPTIMIZATION_LEVEL = 0;
				GCC_PREPROCESSOR_DEFINITIONS = (
					"DEBUG=1",
					"$(inherited)",
				);
				GCC_WARN_64_TO_32_BIT_CONVERSION = YES;
				GCC_WARN_ABOUT_RETURN_TYPE = YES_ERROR;
				GCC_WARN_UNDECLARED_SELECTOR = YES;
				GCC_WARN_UNINITIALIZED_AUTOS = YES_AGGRESSIVE;
				GCC_WARN_UNUSED_FUNCTION = YES;
				GCC_WARN_UNUSED_VARIABLE = YES;
				IPHONEOS_DEPLOYMENT_TARGET = 15.2;
				MTL_ENABLE_DEBUG_INFO = INCLUDE_SOURCE;
				MTL_FAST_MATH = YES;
				ONLY_ACTIVE_ARCH = YES;
				SDKROOT = iphoneos;
				SWIFT_ACTIVE_COMPILATION_CONDITIONS = DEBUG;
				SWIFT_OPTIMIZATION_LEVEL = "-Onone";
			};
			name = Debug;
		};
		35C3364827AC61A20099F2E6 /* Release */ = {
			isa = XCBuildConfiguration;
			buildSettings = {
				ALWAYS_SEARCH_USER_PATHS = NO;
				CLANG_ANALYZER_NONNULL = YES;
				CLANG_ANALYZER_NUMBER_OBJECT_CONVERSION = YES_AGGRESSIVE;
				CLANG_CXX_LANGUAGE_STANDARD = "gnu++17";
				CLANG_CXX_LIBRARY = "libc++";
				CLANG_ENABLE_MODULES = YES;
				CLANG_ENABLE_OBJC_ARC = YES;
				CLANG_ENABLE_OBJC_WEAK = YES;
				CLANG_WARN_BLOCK_CAPTURE_AUTORELEASING = YES;
				CLANG_WARN_BOOL_CONVERSION = YES;
				CLANG_WARN_COMMA = YES;
				CLANG_WARN_CONSTANT_CONVERSION = YES;
				CLANG_WARN_DEPRECATED_OBJC_IMPLEMENTATIONS = YES;
				CLANG_WARN_DIRECT_OBJC_ISA_USAGE = YES_ERROR;
				CLANG_WARN_DOCUMENTATION_COMMENTS = YES;
				CLANG_WARN_EMPTY_BODY = YES;
				CLANG_WARN_ENUM_CONVERSION = YES;
				CLANG_WARN_INFINITE_RECURSION = YES;
				CLANG_WARN_INT_CONVERSION = YES;
				CLANG_WARN_NON_LITERAL_NULL_CONVERSION = YES;
				CLANG_WARN_OBJC_IMPLICIT_RETAIN_SELF = YES;
				CLANG_WARN_OBJC_LITERAL_CONVERSION = YES;
				CLANG_WARN_OBJC_ROOT_CLASS = YES_ERROR;
				CLANG_WARN_QUOTED_INCLUDE_IN_FRAMEWORK_HEADER = YES;
				CLANG_WARN_RANGE_LOOP_ANALYSIS = YES;
				CLANG_WARN_STRICT_PROTOTYPES = YES;
				CLANG_WARN_SUSPICIOUS_MOVE = YES;
				CLANG_WARN_UNGUARDED_AVAILABILITY = YES_AGGRESSIVE;
				CLANG_WARN_UNREACHABLE_CODE = YES;
				CLANG_WARN__DUPLICATE_METHOD_MATCH = YES;
				COPY_PHASE_STRIP = NO;
				DEBUG_INFORMATION_FORMAT = "dwarf-with-dsym";
				ENABLE_NS_ASSERTIONS = NO;
				ENABLE_STRICT_OBJC_MSGSEND = YES;
				GCC_C_LANGUAGE_STANDARD = gnu11;
				GCC_NO_COMMON_BLOCKS = YES;
				GCC_WARN_64_TO_32_BIT_CONVERSION = YES;
				GCC_WARN_ABOUT_RETURN_TYPE = YES_ERROR;
				GCC_WARN_UNDECLARED_SELECTOR = YES;
				GCC_WARN_UNINITIALIZED_AUTOS = YES_AGGRESSIVE;
				GCC_WARN_UNUSED_FUNCTION = YES;
				GCC_WARN_UNUSED_VARIABLE = YES;
				IPHONEOS_DEPLOYMENT_TARGET = 15.2;
				MTL_ENABLE_DEBUG_INFO = NO;
				MTL_FAST_MATH = YES;
				SDKROOT = iphoneos;
				SWIFT_COMPILATION_MODE = wholemodule;
				SWIFT_OPTIMIZATION_LEVEL = "-O";
				VALIDATE_PRODUCT = YES;
			};
			name = Release;
		};
		35C3364A27AC61A20099F2E6 /* Debug */ = {
			isa = XCBuildConfiguration;
			buildSettings = {
				ASSETCATALOG_COMPILER_APPICON_NAME = AppIcon;
				ASSETCATALOG_COMPILER_GLOBAL_ACCENT_COLOR_NAME = AccentColor;
				CODE_SIGN_STYLE = Automatic;
				CURRENT_PROJECT_VERSION = 1;
				DEVELOPMENT_ASSET_PATHS = "\"swapi-swiftui/Preview Content\"";
				ENABLE_PREVIEWS = YES;
				GENERATE_INFOPLIST_FILE = YES;
				INFOPLIST_KEY_UIApplicationSceneManifest_Generation = YES;
				INFOPLIST_KEY_UIApplicationSupportsIndirectInputEvents = YES;
				INFOPLIST_KEY_UILaunchScreen_Generation = YES;
				INFOPLIST_KEY_UISupportedInterfaceOrientations_iPad = "UIInterfaceOrientationPortrait UIInterfaceOrientationPortraitUpsideDown UIInterfaceOrientationLandscapeLeft UIInterfaceOrientationLandscapeRight";
				INFOPLIST_KEY_UISupportedInterfaceOrientations_iPhone = "UIInterfaceOrientationPortrait UIInterfaceOrientationLandscapeLeft UIInterfaceOrientationLandscapeRight";
				LD_RUNPATH_SEARCH_PATHS = (
					"$(inherited)",
					"@executable_path/Frameworks",
				);
				MARKETING_VERSION = 1.0;
				PRODUCT_BUNDLE_IDENTIFIER = "com.sandboxx.swiftui.swapi-swiftui";
				PRODUCT_NAME = "$(TARGET_NAME)";
				SWIFT_EMIT_LOC_STRINGS = YES;
				SWIFT_VERSION = 5.0;
				TARGETED_DEVICE_FAMILY = "1,2";
			};
			name = Debug;
		};
		35C3364B27AC61A20099F2E6 /* Release */ = {
			isa = XCBuildConfiguration;
			buildSettings = {
				ASSETCATALOG_COMPILER_APPICON_NAME = AppIcon;
				ASSETCATALOG_COMPILER_GLOBAL_ACCENT_COLOR_NAME = AccentColor;
				CODE_SIGN_STYLE = Automatic;
				CURRENT_PROJECT_VERSION = 1;
				DEVELOPMENT_ASSET_PATHS = "\"swapi-swiftui/Preview Content\"";
				ENABLE_PREVIEWS = YES;
				GENERATE_INFOPLIST_FILE = YES;
				INFOPLIST_KEY_UIApplicationSceneManifest_Generation = YES;
				INFOPLIST_KEY_UIApplicationSupportsIndirectInputEvents = YES;
				INFOPLIST_KEY_UILaunchScreen_Generation = YES;
				INFOPLIST_KEY_UISupportedInterfaceOrientations_iPad = "UIInterfaceOrientationPortrait UIInterfaceOrientationPortraitUpsideDown UIInterfaceOrientationLandscapeLeft UIInterfaceOrientationLandscapeRight";
				INFOPLIST_KEY_UISupportedInterfaceOrientations_iPhone = "UIInterfaceOrientationPortrait UIInterfaceOrientationLandscapeLeft UIInterfaceOrientationLandscapeRight";
				LD_RUNPATH_SEARCH_PATHS = (
					"$(inherited)",
					"@executable_path/Frameworks",
				);
				MARKETING_VERSION = 1.0;
				PRODUCT_BUNDLE_IDENTIFIER = "com.sandboxx.swiftui.swapi-swiftui";
				PRODUCT_NAME = "$(TARGET_NAME)";
				SWIFT_EMIT_LOC_STRINGS = YES;
				SWIFT_VERSION = 5.0;
				TARGETED_DEVICE_FAMILY = "1,2";
			};
			name = Release;
		};
		35C3364D27AC61A20099F2E6 /* Debug */ = {
			isa = XCBuildConfiguration;
			buildSettings = {
				ALWAYS_EMBED_SWIFT_STANDARD_LIBRARIES = YES;
				BUNDLE_LOADER = "$(TEST_HOST)";
				CODE_SIGN_STYLE = Automatic;
				CURRENT_PROJECT_VERSION = 1;
				GENERATE_INFOPLIST_FILE = YES;
				IPHONEOS_DEPLOYMENT_TARGET = 15.2;
				MARKETING_VERSION = 1.0;
				PRODUCT_BUNDLE_IDENTIFIER = "com.sandboxx.swiftui.swapi-swiftuiTests";
				PRODUCT_NAME = "$(TARGET_NAME)";
				SWIFT_EMIT_LOC_STRINGS = NO;
				SWIFT_VERSION = 5.0;
				TARGETED_DEVICE_FAMILY = "1,2";
				TEST_HOST = "$(BUILT_PRODUCTS_DIR)/swapi-swiftui.app/swapi-swiftui";
			};
			name = Debug;
		};
		35C3364E27AC61A20099F2E6 /* Release */ = {
			isa = XCBuildConfiguration;
			buildSettings = {
				ALWAYS_EMBED_SWIFT_STANDARD_LIBRARIES = YES;
				BUNDLE_LOADER = "$(TEST_HOST)";
				CODE_SIGN_STYLE = Automatic;
				CURRENT_PROJECT_VERSION = 1;
				GENERATE_INFOPLIST_FILE = YES;
				IPHONEOS_DEPLOYMENT_TARGET = 15.2;
				MARKETING_VERSION = 1.0;
				PRODUCT_BUNDLE_IDENTIFIER = "com.sandboxx.swiftui.swapi-swiftuiTests";
				PRODUCT_NAME = "$(TARGET_NAME)";
				SWIFT_EMIT_LOC_STRINGS = NO;
				SWIFT_VERSION = 5.0;
				TARGETED_DEVICE_FAMILY = "1,2";
				TEST_HOST = "$(BUILT_PRODUCTS_DIR)/swapi-swiftui.app/swapi-swiftui";
			};
			name = Release;
		};
		35C3365027AC61A20099F2E6 /* Debug */ = {
			isa = XCBuildConfiguration;
			buildSettings = {
				ALWAYS_EMBED_SWIFT_STANDARD_LIBRARIES = YES;
				CODE_SIGN_STYLE = Automatic;
				CURRENT_PROJECT_VERSION = 1;
				GENERATE_INFOPLIST_FILE = YES;
				MARKETING_VERSION = 1.0;
				PRODUCT_BUNDLE_IDENTIFIER = "com.sandboxx.swiftui.swapi-swiftuiUITests";
				PRODUCT_NAME = "$(TARGET_NAME)";
				SWIFT_EMIT_LOC_STRINGS = NO;
				SWIFT_VERSION = 5.0;
				TARGETED_DEVICE_FAMILY = "1,2";
				TEST_TARGET_NAME = "swapi-swiftui";
			};
			name = Debug;
		};
		35C3365127AC61A20099F2E6 /* Release */ = {
			isa = XCBuildConfiguration;
			buildSettings = {
				ALWAYS_EMBED_SWIFT_STANDARD_LIBRARIES = YES;
				CODE_SIGN_STYLE = Automatic;
				CURRENT_PROJECT_VERSION = 1;
				GENERATE_INFOPLIST_FILE = YES;
				MARKETING_VERSION = 1.0;
				PRODUCT_BUNDLE_IDENTIFIER = "com.sandboxx.swiftui.swapi-swiftuiUITests";
				PRODUCT_NAME = "$(TARGET_NAME)";
				SWIFT_EMIT_LOC_STRINGS = NO;
				SWIFT_VERSION = 5.0;
				TARGETED_DEVICE_FAMILY = "1,2";
				TEST_TARGET_NAME = "swapi-swiftui";
			};
			name = Release;
		};
/* End XCBuildConfiguration section */

/* Begin XCConfigurationList section */
		35C3362027AC61A10099F2E6 /* Build configuration list for PBXProject "swapi-swiftui" */ = {
			isa = XCConfigurationList;
			buildConfigurations = (
				35C3364727AC61A20099F2E6 /* Debug */,
				35C3364827AC61A20099F2E6 /* Release */,
			);
			defaultConfigurationIsVisible = 0;
			defaultConfigurationName = Release;
		};
		35C3364927AC61A20099F2E6 /* Build configuration list for PBXNativeTarget "swapi-swiftui" */ = {
			isa = XCConfigurationList;
			buildConfigurations = (
				35C3364A27AC61A20099F2E6 /* Debug */,
				35C3364B27AC61A20099F2E6 /* Release */,
			);
			defaultConfigurationIsVisible = 0;
			defaultConfigurationName = Release;
		};
		35C3364C27AC61A20099F2E6 /* Build configuration list for PBXNativeTarget "swapi-swiftuiTests" */ = {
			isa = XCConfigurationList;
			buildConfigurations = (
				35C3364D27AC61A20099F2E6 /* Debug */,
				35C3364E27AC61A20099F2E6 /* Release */,
			);
			defaultConfigurationIsVisible = 0;
			defaultConfigurationName = Release;
		};
		35C3364F27AC61A20099F2E6 /* Build configuration list for PBXNativeTarget "swapi-swiftuiUITests" */ = {
			isa = XCConfigurationList;
			buildConfigurations = (
				35C3365027AC61A20099F2E6 /* Debug */,
				35C3365127AC61A20099F2E6 /* Release */,
			);
			defaultConfigurationIsVisible = 0;
			defaultConfigurationName = Release;
		};
/* End XCConfigurationList section */
	};
	rootObject = 35C3361D27AC61A10099F2E6 /* Project object */;
}
